
Microsoft Visual Studio Solution File, Format Version 12.00
# Visual Studio Version 17
VisualStudioVersion = 17.4.33110.190
MinimumVisualStudioVersion = 10.0.40219.1
Project("{FAE04EC0-301F-11D3-BF4B-00C04F79EFBC}") = "UC9.CompEmpWage", "UC9.CompEmpWage.csproj", "{D06DE3D1-1EF0-437E-B8A2-7698E89C5CFF}"
EndProject
Global
	GlobalSection(SolutionConfigurationPlatforms) = preSolution
		Debug|Any CPU = Debug|Any CPU
		Release|Any CPU = Release|Any CPU
	EndGlobalSection
	GlobalSection(ProjectConfigurationPlatforms) = postSolution
		{D06DE3D1-1EF0-437E-B8A2-7698E89C5CFF}.Debug|Any CPU.ActiveCfg = Debug|Any CPU
		{D06DE3D1-1EF0-437E-B8A2-7698E89C5CFF}.Debug|Any CPU.Build.0 = Debug|Any CPU
		{D06DE3D1-1EF0-437E-B8A2-7698E89C5CFF}.Release|Any CPU.ActiveCfg = Release|Any CPU
		{D06DE3D1-1EF0-437E-B8A2-7698E89C5CFF}.Release|Any CPU.Build.0 = Release|Any CPU
	EndGlobalSection
	GlobalSection(SolutionProperties) = preSolution
		HideSolutionNode = FALSE
	EndGlobalSection
	GlobalSection(ExtensibilityGlobals) = postSolution
		SolutionGuid = {A5768F71-9D7C-4DD8-9141-B2A57CB71367}
	EndGlobalSection
EndGlobal
