
Microsoft Visual Studio Solution File, Format Version 12.00
# Visual Studio Version 17
VisualStudioVersion = 17.4.33110.190
MinimumVisualStudioVersion = 10.0.40219.1
Project("{FAE04EC0-301F-11D3-BF4B-00C04F79EFBC}") = "UC-10.EmpWage", "UC-10.EmpWage.csproj", "{10A13D7D-5D7B-495D-9252-8FB7D59D72B5}"
EndProject
Global
	GlobalSection(SolutionConfigurationPlatforms) = preSolution
		Debug|Any CPU = Debug|Any CPU
		Release|Any CPU = Release|Any CPU
	EndGlobalSection
	GlobalSection(ProjectConfigurationPlatforms) = postSolution
		{10A13D7D-5D7B-495D-9252-8FB7D59D72B5}.Debug|Any CPU.ActiveCfg = Debug|Any CPU
		{10A13D7D-5D7B-495D-9252-8FB7D59D72B5}.Debug|Any CPU.Build.0 = Debug|Any CPU
		{10A13D7D-5D7B-495D-9252-8FB7D59D72B5}.Release|Any CPU.ActiveCfg = Release|Any CPU
		{10A13D7D-5D7B-495D-9252-8FB7D59D72B5}.Release|Any CPU.Build.0 = Release|Any CPU
	EndGlobalSection
	GlobalSection(SolutionProperties) = preSolution
		HideSolutionNode = FALSE
	EndGlobalSection
	GlobalSection(ExtensibilityGlobals) = postSolution
		SolutionGuid = {1C43DFAE-A1BD-4FE0-B51D-28B2BABCA409}
	EndGlobalSection
EndGlobal
