
Microsoft Visual Studio Solution File, Format Version 12.00
# Visual Studio Version 17
VisualStudioVersion = 17.4.33110.190
MinimumVisualStudioVersion = 10.0.40219.1
Project("{FAE04EC0-301F-11D3-BF4B-00C04F79EFBC}") = "Employee Wage computation", "Employee Wage computation.csproj", "{A51DB64D-C612-4FB2-9857-A2A6A437D040}"
EndProject
Global
	GlobalSection(SolutionConfigurationPlatforms) = preSolution
		Debug|Any CPU = Debug|Any CPU
		Release|Any CPU = Release|Any CPU
	EndGlobalSection
	GlobalSection(ProjectConfigurationPlatforms) = postSolution
		{A51DB64D-C612-4FB2-9857-A2A6A437D040}.Debug|Any CPU.ActiveCfg = Debug|Any CPU
		{A51DB64D-C612-4FB2-9857-A2A6A437D040}.Debug|Any CPU.Build.0 = Debug|Any CPU
		{A51DB64D-C612-4FB2-9857-A2A6A437D040}.Release|Any CPU.ActiveCfg = Release|Any CPU
		{A51DB64D-C612-4FB2-9857-A2A6A437D040}.Release|Any CPU.Build.0 = Release|Any CPU
	EndGlobalSection
	GlobalSection(SolutionProperties) = preSolution
		HideSolutionNode = FALSE
	EndGlobalSection
	GlobalSection(ExtensibilityGlobals) = postSolution
		SolutionGuid = {D3E39F9F-FD69-44BF-891E-993BDB77CC08}
	EndGlobalSection
EndGlobal
