
Microsoft Visual Studio Solution File, Format Version 12.00
# Visual Studio Version 17
VisualStudioVersion = 17.4.33110.190
MinimumVisualStudioVersion = 10.0.40219.1
Project("{FAE04EC0-301F-11D3-BF4B-00C04F79EFBC}") = "UC-3 Employee wage", "UC-3 Employee wage.csproj", "{9902F1C8-9476-4388-8719-84A1F2FF9F3A}"
EndProject
Global
	GlobalSection(SolutionConfigurationPlatforms) = preSolution
		Debug|Any CPU = Debug|Any CPU
		Release|Any CPU = Release|Any CPU
	EndGlobalSection
	GlobalSection(ProjectConfigurationPlatforms) = postSolution
		{9902F1C8-9476-4388-8719-84A1F2FF9F3A}.Debug|Any CPU.ActiveCfg = Debug|Any CPU
		{9902F1C8-9476-4388-8719-84A1F2FF9F3A}.Debug|Any CPU.Build.0 = Debug|Any CPU
		{9902F1C8-9476-4388-8719-84A1F2FF9F3A}.Release|Any CPU.ActiveCfg = Release|Any CPU
		{9902F1C8-9476-4388-8719-84A1F2FF9F3A}.Release|Any CPU.Build.0 = Release|Any CPU
	EndGlobalSection
	GlobalSection(SolutionProperties) = preSolution
		HideSolutionNode = FALSE
	EndGlobalSection
	GlobalSection(ExtensibilityGlobals) = postSolution
		SolutionGuid = {47750D59-D662-4E51-9043-65CB213B0BAC}
	EndGlobalSection
EndGlobal
